
Microsoft Visual Studio Solution File, Format Version 12.00
# Visual Studio 15
VisualStudioVersion = 15.0.28307.757
MinimumVisualStudioVersion = 10.0.40219.1
Project("{8BC9CEB8-8B4A-11D0-8D11-00A0C91BC942}") = "2019.10.11", "2019.10.11\2019.10.11.vcxproj", "{77AAB704-5CA1-402F-A5BD-7E32AD780ACB}"
EndProject
Global
	GlobalSection(SolutionConfigurationPlatforms) = preSolution
		Debug|x64 = Debug|x64
		Debug|x86 = Debug|x86
		Release|x64 = Release|x64
		Release|x86 = Release|x86
	EndGlobalSection
	GlobalSection(ProjectConfigurationPlatforms) = postSolution
		{77AAB704-5CA1-402F-A5BD-7E32AD780ACB}.Debug|x64.ActiveCfg = Debug|x64
		{77AAB704-5CA1-402F-A5BD-7E32AD780ACB}.Debug|x64.Build.0 = Debug|x64
		{77AAB704-5CA1-402F-A5BD-7E32AD780ACB}.Debug|x86.ActiveCfg = Debug|Win32
		{77AAB704-5CA1-402F-A5BD-7E32AD780ACB}.Debug|x86.Build.0 = Debug|Win32
		{77AAB704-5CA1-402F-A5BD-7E32AD780ACB}.Release|x64.ActiveCfg = Release|x64
		{77AAB704-5CA1-402F-A5BD-7E32AD780ACB}.Release|x64.Build.0 = Release|x64
		{77AAB704-5CA1-402F-A5BD-7E32AD780ACB}.Release|x86.ActiveCfg = Release|Win32
		{77AAB704-5CA1-402F-A5BD-7E32AD780ACB}.Release|x86.Build.0 = Release|Win32
	EndGlobalSection
	GlobalSection(SolutionProperties) = preSolution
		HideSolutionNode = FALSE
	EndGlobalSection
	GlobalSection(ExtensibilityGlobals) = postSolution
		SolutionGuid = {6895487D-1E7B-4054-B5DB-02CA31FDD566}
	EndGlobalSection
EndGlobal
